// !$*UTF8*$!
{
	archiveVersion = 1;
	classes = {
	};
	objectVersion = 46;
	objects = {

/* Begin PBXBuildFile section */
		99DA51B51ACEF2E900B73158 /* AppDelegate.swift in Sources */ = {isa = PBXBuildFile; fileRef = 99DA51B41ACEF2E900B73158 /* AppDelegate.swift */; };
		99DA51B71ACEF2E900B73158 /* FirstViewController.swift in Sources */ = {isa = PBXBuildFile; fileRef = 99DA51B61ACEF2E900B73158 /* FirstViewController.swift */; };
		99DA51B91ACEF2E900B73158 /* SecondViewController.swift in Sources */ = {isa = PBXBuildFile; fileRef = 99DA51B81ACEF2E900B73158 /* SecondViewController.swift */; };
		99DA51BC1ACEF2E900B73158 /* Main.storyboard in Resources */ = {isa = PBXBuildFile; fileRef = 99DA51BA1ACEF2E900B73158 /* Main.storyboard */; };
		99DA51BE1ACEF2E900B73158 /* Images.xcassets in Resources */ = {isa = PBXBuildFile; fileRef = 99DA51BD1ACEF2E900B73158 /* Images.xcassets */; };
		99DA51C11ACEF2EA00B73158 /* LaunchScreen.xib in Resources */ = {isa = PBXBuildFile; fileRef = 99DA51BF1ACEF2EA00B73158 /* LaunchScreen.xib */; };
		99DA51CD1ACEF2EA00B73158 /* CastiMenuTests.swift in Sources */ = {isa = PBXBuildFile; fileRef = 99DA51CC1ACEF2EA00B73158 /* CastiMenuTests.swift */; };
/* End PBXBuildFile section */

/* Begin PBXContainerItemProxy section */
		99DA51C71ACEF2EA00B73158 /* PBXContainerItemProxy */ = {
			isa = PBXContainerItemProxy;
			containerPortal = 99DA51A71ACEF2E800B73158 /* Project object */;
			proxyType = 1;
			remoteGlobalIDString = 99DA51AE1ACEF2E900B73158;
			remoteInfo = CastiMenu;
		};
/* End PBXContainerItemProxy section */

/* Begin PBXFileReference section */
		99DA51AF1ACEF2E900B73158 /* CastiMenu.app */ = {isa = PBXFileReference; explicitFileType = wrapper.application; includeInIndex = 0; path = CastiMenu.app; sourceTree = BUILT_PRODUCTS_DIR; };
		99DA51B31ACEF2E900B73158 /* Info.plist */ = {isa = PBXFileReference; lastKnownFileType = text.plist.xml; path = Info.plist; sourceTree = "<group>"; };
		99DA51B41ACEF2E900B73158 /* AppDelegate.swift */ = {isa = PBXFileReference; lastKnownFileType = sourcecode.swift; path = AppDelegate.swift; sourceTree = "<group>"; };
		99DA51B61ACEF2E900B73158 /* FirstViewController.swift */ = {isa = PBXFileReference; lastKnownFileType = sourcecode.swift; path = FirstViewController.swift; sourceTree = "<group>"; };
		99DA51B81ACEF2E900B73158 /* SecondViewController.swift */ = {isa = PBXFileReference; lastKnownFileType = sourcecode.swift; path = SecondViewController.swift; sourceTree = "<group>"; };
		99DA51BB1ACEF2E900B73158 /* Base */ = {isa = PBXFileReference; lastKnownFileType = file.storyboard; name = Base; path = Base.lproj/Main.storyboard; sourceTree = "<group>"; };
		99DA51BD1ACEF2E900B73158 /* Images.xcassets */ = {isa = PBXFileReference; lastKnownFileType = folder.assetcatalog; path = Images.xcassets; sourceTree = "<group>"; };
		99DA51C01ACEF2EA00B73158 /* Base */ = {isa = PBXFileReference; lastKnownFileType = file.xib; name = Base; path = Base.lproj/LaunchScreen.xib; sourceTree = "<group>"; };
		99DA51C61ACEF2EA00B73158 /* CastiMenuTests.xctest */ = {isa = PBXFileReference; explicitFileType = wrapper.cfbundle; includeInIndex = 0; path = CastiMenuTests.xctest; sourceTree = BUILT_PRODUCTS_DIR; };
		99DA51CB1ACEF2EA00B73158 /* Info.plist */ = {isa = PBXFileReference; lastKnownFileType = text.plist.xml; path = Info.plist; sourceTree = "<group>"; };
		99DA51CC1ACEF2EA00B73158 /* CastiMenuTests.swift */ = {isa = PBXFileReference; lastKnownFileType = sourcecode.swift; path = CastiMenuTests.swift; sourceTree = "<group>"; };
/* End PBXFileReference section */

/* Begin PBXFrameworksBuildPhase section */
		99DA51AC1ACEF2E900B73158 /* Frameworks */ = {
			isa = PBXFrameworksBuildPhase;
			buildActionMask = 2147483647;
			files = (
			);
			runOnlyForDeploymentPostprocessing = 0;
		};
		99DA51C31ACEF2EA00B73158 /* Frameworks */ = {
			isa = PBXFrameworksBuildPhase;
			buildActionMask = 2147483647;
			files = (
			);
			runOnlyForDeploymentPostprocessing = 0;
		};
/* End PBXFrameworksBuildPhase section */

/* Begin PBXGroup section */
		99DA51A61ACEF2E800B73158 = {
			isa = PBXGroup;
			children = (
				99DA51B11ACEF2E900B73158 /* CastiMenu */,
				99DA51C91ACEF2EA00B73158 /* CastiMenuTests */,
				99DA51B01ACEF2E900B73158 /* Products */,
			);
			sourceTree = "<group>";
		};
		99DA51B01ACEF2E900B73158 /* Products */ = {
			isa = PBXGroup;
			children = (
				99DA51AF1ACEF2E900B73158 /* CastiMenu.app */,
				99DA51C61ACEF2EA00B73158 /* CastiMenuTests.xctest */,
			);
			name = Products;
			sourceTree = "<group>";
		};
		99DA51B11ACEF2E900B73158 /* CastiMenu */ = {
			isa = PBXGroup;
			children = (
				99DA51B41ACEF2E900B73158 /* AppDelegate.swift */,
				99DA51B61ACEF2E900B73158 /* FirstViewController.swift */,
				99DA51B81ACEF2E900B73158 /* SecondViewController.swift */,
				99DA51BA1ACEF2E900B73158 /* Main.storyboard */,
				99DA51BD1ACEF2E900B73158 /* Images.xcassets */,
				99DA51BF1ACEF2EA00B73158 /* LaunchScreen.xib */,
				99DA51B21ACEF2E900B73158 /* Supporting Files */,
			);
			path = CastiMenu;
			sourceTree = "<group>";
		};
		99DA51B21ACEF2E900B73158 /* Supporting Files */ = {
			isa = PBXGroup;
			children = (
				99DA51B31ACEF2E900B73158 /* Info.plist */,
			);
			name = "Supporting Files";
			sourceTree = "<group>";
		};
		99DA51C91ACEF2EA00B73158 /* CastiMenuTests */ = {
			isa = PBXGroup;
			children = (
				99DA51CC1ACEF2EA00B73158 /* CastiMenuTests.swift */,
				99DA51CA1ACEF2EA00B73158 /* Supporting Files */,
			);
			path = CastiMenuTests;
			sourceTree = "<group>";
		};
		99DA51CA1ACEF2EA00B73158 /* Supporting Files */ = {
			isa = PBXGroup;
			children = (
				99DA51CB1ACEF2EA00B73158 /* Info.plist */,
			);
			name = "Supporting Files";
			sourceTree = "<group>";
		};
/* End PBXGroup section */

/* Begin PBXNativeTarget section */
		99DA51AE1ACEF2E900B73158 /* CastiMenu */ = {
			isa = PBXNativeTarget;
			buildConfigurationList = 99DA51D01ACEF2EA00B73158 /* Build configuration list for PBXNativeTarget "CastiMenu" */;
			buildPhases = (
				99DA51AB1ACEF2E900B73158 /* Sources */,
				99DA51AC1ACEF2E900B73158 /* Frameworks */,
				99DA51AD1ACEF2E900B73158 /* Resources */,
			);
			buildRules = (
			);
			dependencies = (
			);
			name = CastiMenu;
			productName = CastiMenu;
			productReference = 99DA51AF1ACEF2E900B73158 /* CastiMenu.app */;
			productType = "com.apple.product-type.application";
		};
		99DA51C51ACEF2EA00B73158 /* CastiMenuTests */ = {
			isa = PBXNativeTarget;
			buildConfigurationList = 99DA51D31ACEF2EA00B73158 /* Build configuration list for PBXNativeTarget "CastiMenuTests" */;
			buildPhases = (
				99DA51C21ACEF2EA00B73158 /* Sources */,
				99DA51C31ACEF2EA00B73158 /* Frameworks */,
				99DA51C41ACEF2EA00B73158 /* Resources */,
			);
			buildRules = (
			);
			dependencies = (
				99DA51C81ACEF2EA00B73158 /* PBXTargetDependency */,
			);
			name = CastiMenuTests;
			productName = CastiMenuTests;
			productReference = 99DA51C61ACEF2EA00B73158 /* CastiMenuTests.xctest */;
			productType = "com.apple.product-type.bundle.unit-test";
		};
/* End PBXNativeTarget section */

/* Begin PBXProject section */
		99DA51A71ACEF2E800B73158 /* Project object */ = {
			isa = PBXProject;
			attributes = {
				LastUpgradeCheck = 0610;
				ORGANIZATIONNAME = "Emily L";
				TargetAttributes = {
					99DA51AE1ACEF2E900B73158 = {
						CreatedOnToolsVersion = 6.1.1;
					};
					99DA51C51ACEF2EA00B73158 = {
						CreatedOnToolsVersion = 6.1.1;
						TestTargetID = 99DA51AE1ACEF2E900B73158;
					};
				};
			};
			buildConfigurationList = 99DA51AA1ACEF2E900B73158 /* Build configuration list for PBXProject "CastiMenu" */;
			compatibilityVersion = "Xcode 3.2";
			developmentRegion = English;
			hasScannedForEncodings = 0;
			knownRegions = (
				en,
				Base,
			);
			mainGroup = 99DA51A61ACEF2E800B73158;
			productRefGroup = 99DA51B01ACEF2E900B73158 /* Products */;
			projectDirPath = "";
			projectRoot = "";
			targets = (
				99DA51AE1ACEF2E900B73158 /* CastiMenu */,
				99DA51C51ACEF2EA00B73158 /* CastiMenuTests */,
			);
		};
/* End PBXProject section */

/* Begin PBXResourcesBuildPhase section */
		99DA51AD1ACEF2E900B73158 /* Resources */ = {
			isa = PBXResourcesBuildPhase;
			buildActionMask = 2147483647;
			files = (
				99DA51BC1ACEF2E900B73158 /* Main.storyboard in Resources */,
				99DA51C11ACEF2EA00B73158 /* LaunchScreen.xib in Resources */,
				99DA51BE1ACEF2E900B73158 /* Images.xcassets in Resources */,
			);
			runOnlyForDeploymentPostprocessing = 0;
		};
		99DA51C41ACEF2EA00B73158 /* Resources */ = {
			isa = PBXResourcesBuildPhase;
			buildActionMask = 2147483647;
			files = (
			);
			runOnlyForDeploymentPostprocessing = 0;
		};
/* End PBXResourcesBuildPhase section */

/* Begin PBXSourcesBuildPhase section */
		99DA51AB1ACEF2E900B73158 /* Sources */ = {
			isa = PBXSourcesBuildPhase;
			buildActionMask = 2147483647;
			files = (
				99DA51B91ACEF2E900B73158 /* SecondViewController.swift in Sources */,
				99DA51B51ACEF2E900B73158 /* AppDelegate.swift in Sources */,
				99DA51B71ACEF2E900B73158 /* FirstViewController.swift in Sources */,
			);
			runOnlyForDeploymentPostprocessing = 0;
		};
		99DA51C21ACEF2EA00B73158 /* Sources */ = {
			isa = PBXSourcesBuildPhase;
			buildActionMask = 2147483647;
			files = (
				99DA51CD1ACEF2EA00B73158 /* CastiMenuTests.swift in Sources */,
			);
			runOnlyForDeploymentPostprocessing = 0;
		};
/* End PBXSourcesBuildPhase section */

/* Begin PBXTargetDependency section */
		99DA51C81ACEF2EA00B73158 /* PBXTargetDependency */ = {
			isa = PBXTargetDependency;
			target = 99DA51AE1ACEF2E900B73158 /* CastiMenu */;
			targetProxy = 99DA51C71ACEF2EA00B73158 /* PBXContainerItemProxy */;
		};
/* End PBXTargetDependency section */

/* Begin PBXVariantGroup section */
		99DA51BA1ACEF2E900B73158 /* Main.storyboard */ = {
			isa = PBXVariantGroup;
			children = (
				99DA51BB1ACEF2E900B73158 /* Base */,
			);
			name = Main.storyboard;
			sourceTree = "<group>";
		};
		99DA51BF1ACEF2EA00B73158 /* LaunchScreen.xib */ = {
			isa = PBXVariantGroup;
			children = (
				99DA51C01ACEF2EA00B73158 /* Base */,
			);
			name = LaunchScreen.xib;
			sourceTree = "<group>";
		};
/* End PBXVariantGroup section */

/* Begin XCBuildConfiguration section */
		99DA51CE1ACEF2EA00B73158 /* Debug */ = {
			isa = XCBuildConfiguration;
			buildSettings = {
				ALWAYS_SEARCH_USER_PATHS = NO;
				CLANG_CXX_LANGUAGE_STANDARD = "gnu++0x";
				CLANG_CXX_LIBRARY = "libc++";
				CLANG_ENABLE_MODULES = YES;
				CLANG_ENABLE_OBJC_ARC = YES;
				CLANG_WARN_BOOL_CONVERSION = YES;
				CLANG_WARN_CONSTANT_CONVERSION = YES;
				CLANG_WARN_DIRECT_OBJC_ISA_USAGE = YES_ERROR;
				CLANG_WARN_EMPTY_BODY = YES;
				CLANG_WARN_ENUM_CONVERSION = YES;
				CLANG_WARN_INT_CONVERSION = YES;
				CLANG_WARN_OBJC_ROOT_CLASS = YES_ERROR;
				CLANG_WARN_UNREACHABLE_CODE = YES;
				CLANG_WARN__DUPLICATE_METHOD_MATCH = YES;
				"CODE_SIGN_IDENTITY[sdk=iphoneos*]" = "iPhone Developer";
				COPY_PHASE_STRIP = NO;
				ENABLE_STRICT_OBJC_MSGSEND = YES;
				GCC_C_LANGUAGE_STANDARD = gnu99;
				GCC_DYNAMIC_NO_PIC = NO;
				GCC_OPTIMIZATION_LEVEL = 0;
				GCC_PREPROCESSOR_DEFINITIONS = (
					"DEBUG=1",
					"$(inherited)",
				);
				GCC_SYMBOLS_PRIVATE_EXTERN = NO;
				GCC_WARN_64_TO_32_BIT_CONVERSION = YES;
				GCC_WARN_ABOUT_RETURN_TYPE = YES_ERROR;
				GCC_WARN_UNDECLARED_SELECTOR = YES;
				GCC_WARN_UNINITIALIZED_AUTOS = YES_AGGRESSIVE;
				GCC_WARN_UNUSED_FUNCTION = YES;
				GCC_WARN_UNUSED_VARIABLE = YES;
				IPHONEOS_DEPLOYMENT_TARGET = 8.1;
				MTL_ENABLE_DEBUG_INFO = YES;
				ONLY_ACTIVE_ARCH = YES;
				SDKROOT = iphoneos;
				SWIFT_OPTIMIZATION_LEVEL = "-Onone";
			};
			name = Debug;
		};
		99DA51CF1ACEF2EA00B73158 /* Release */ = {
			isa = XCBuildConfiguration;
			buildSettings = {
				ALWAYS_SEARCH_USER_PATHS = NO;
				CLANG_CXX_LANGUAGE_STANDARD = "gnu++0x";
				CLANG_CXX_LIBRARY = "libc++";
				CLANG_ENABLE_MODULES = YES;
				CLANG_ENABLE_OBJC_ARC = YES;
				CLANG_WARN_BOOL_CONVERSION = YES;
				CLANG_WARN_CONSTANT_CONVERSION = YES;
				CLANG_WARN_DIRECT_OBJC_ISA_USAGE = YES_ERROR;
				CLANG_WARN_EMPTY_BODY = YES;
				CLANG_WARN_ENUM_CONVERSION = YES;
				CLANG_WARN_INT_CONVERSION = YES;
				CLANG_WARN_OBJC_ROOT_CLASS = YES_ERROR;
				CLANG_WARN_UNREACHABLE_CODE = YES;
				CLANG_WARN__DUPLICATE_METHOD_MATCH = YES;
				"CODE_SIGN_IDENTITY[sdk=iphoneos*]" = "iPhone Developer";
				COPY_PHASE_STRIP = YES;
				ENABLE_NS_ASSERTIONS = NO;
				ENABLE_STRICT_OBJC_MSGSEND = YES;
				GCC_C_LANGUAGE_STANDARD = gnu99;
				GCC_WARN_64_TO_32_BIT_CONVERSION = YES;
				GCC_WARN_ABOUT_RETURN_TYPE = YES_ERROR;
				GCC_WARN_UNDECLARED_SELECTOR = YES;
				GCC_WARN_UNINITIALIZED_AUTOS = YES_AGGRESSIVE;
				GCC_WARN_UNUSED_FUNCTION = YES;
				GCC_WARN_UNUSED_VARIABLE = YES;
				IPHONEOS_DEPLOYMENT_TARGET = 8.1;
				MTL_ENABLE_DEBUG_INFO = NO;
				SDKROOT = iphoneos;
				VALIDATE_PRODUCT = YES;
			};
			name = Release;
		};
		99DA51D11ACEF2EA00B73158 /* Debug */ = {
			isa = XCBuildConfiguration;
			buildSettings = {
				ASSETCATALOG_COMPILER_APPICON_NAME = AppIcon;
				INFOPLIST_FILE = CastiMenu/Info.plist;
				LD_RUNPATH_SEARCH_PATHS = "$(inherited) @executable_path/Frameworks";
				PRODUCT_NAME = "$(TARGET_NAME)";
				TARGETED_DEVICE_FAMILY = 1;
			};
			name = Debug;
		};
		99DA51D21ACEF2EA00B73158 /* Release */ = {
			isa = XCBuildConfiguration;
			buildSettings = {
				ASSETCATALOG_COMPILER_APPICON_NAME = AppIcon;
				INFOPLIST_FILE = CastiMenu/Info.plist;
				LD_RUNPATH_SEARCH_PATHS = "$(inherited) @executable_path/Frameworks";
				PRODUCT_NAME = "$(TARGET_NAME)";
				TARGETED_DEVICE_FAMILY = 1;
			};
			name = Release;
		};
		99DA51D41ACEF2EA00B73158 /* Debug */ = {
			isa = XCBuildConfiguration;
			buildSettings = {
				BUNDLE_LOADER = "$(TEST_HOST)";
				FRAMEWORK_SEARCH_PATHS = (
					"$(SDKROOT)/Developer/Library/Frameworks",
					"$(inherited)",
				);
				GCC_PREPROCESSOR_DEFINITIONS = (
					"DEBUG=1",
					"$(inherited)",
				);
				INFOPLIST_FILE = CastiMenuTests/Info.plist;
				LD_RUNPATH_SEARCH_PATHS = "$(inherited) @executable_path/Frameworks @loader_path/Frameworks";
				PRODUCT_NAME = "$(TARGET_NAME)";
				TEST_HOST = "$(BUILT_PRODUCTS_DIR)/CastiMenu.app/CastiMenu";
			};
			name = Debug;
		};
		99DA51D51ACEF2EA00B73158 /* Release */ = {
			isa = XCBuildConfiguration;
			buildSettings = {
				BUNDLE_LOADER = "$(TEST_HOST)";
				FRAMEWORK_SEARCH_PATHS = (
					"$(SDKROOT)/Developer/Library/Frameworks",
					"$(inherited)",
				);
				INFOPLIST_FILE = CastiMenuTests/Info.plist;
				LD_RUNPATH_SEARCH_PATHS = "$(inherited) @executable_path/Frameworks @loader_path/Frameworks";
				PRODUCT_NAME = "$(TARGET_NAME)";
				TEST_HOST = "$(BUILT_PRODUCTS_DIR)/CastiMenu.app/CastiMenu";
			};
			name = Release;
		};
/* End XCBuildConfiguration section */

/* Begin XCConfigurationList section */
		99DA51AA1ACEF2E900B73158 /* Build configuration list for PBXProject "CastiMenu" */ = {
			isa = XCConfigurationList;
			buildConfigurations = (
				99DA51CE1ACEF2EA00B73158 /* Debug */,
				99DA51CF1ACEF2EA00B73158 /* Release */,
			);
			defaultConfigurationIsVisible = 0;
			defaultConfigurationName = Release;
		};
		99DA51D01ACEF2EA00B73158 /* Build configuration list for PBXNativeTarget "CastiMenu" */ = {
			isa = XCConfigurationList;
			buildConfigurations = (
				99DA51D11ACEF2EA00B73158 /* Debug */,
				99DA51D21ACEF2EA00B73158 /* Release */,
			);
			defaultConfigurationIsVisible = 0;
		};
		99DA51D31ACEF2EA00B73158 /* Build configuration list for PBXNativeTarget "CastiMenuTests" */ = {
			isa = XCConfigurationList;
			buildConfigurations = (
				99DA51D41ACEF2EA00B73158 /* Debug */,
				99DA51D51ACEF2EA00B73158 /* Release */,
			);
			defaultConfigurationIsVisible = 0;
		};
/* End XCConfigurationList section */
	};
	rootObject = 99DA51A71ACEF2E800B73158 /* Project object */;
}
